
Microsoft Visual Studio Solution File, Format Version 12.00
# Visual Studio Version 17
VisualStudioVersion = 17.1.32421.90
MinimumVisualStudioVersion = 10.0.40219.1
Project("{FAE04EC0-301F-11D3-BF4B-00C04F79EFBC}") = "MyFirstApplication", "MyFirstApplication.csproj", "{D47DAC78-23C5-43D0-BC0F-6E5BD2BC1166}"
EndProject
Global
	GlobalSection(SolutionConfigurationPlatforms) = preSolution
		Debug|Any CPU = Debug|Any CPU
		Release|Any CPU = Release|Any CPU
	EndGlobalSection
	GlobalSection(ProjectConfigurationPlatforms) = postSolution
		{D47DAC78-23C5-43D0-BC0F-6E5BD2BC1166}.Debug|Any CPU.ActiveCfg = Debug|Any CPU
		{D47DAC78-23C5-43D0-BC0F-6E5BD2BC1166}.Debug|Any CPU.Build.0 = Debug|Any CPU
		{D47DAC78-23C5-43D0-BC0F-6E5BD2BC1166}.Release|Any CPU.ActiveCfg = Release|Any CPU
		{D47DAC78-23C5-43D0-BC0F-6E5BD2BC1166}.Release|Any CPU.Build.0 = Release|Any CPU
	EndGlobalSection
	GlobalSection(SolutionProperties) = preSolution
		HideSolutionNode = FALSE
	EndGlobalSection
	GlobalSection(ExtensibilityGlobals) = postSolution
		SolutionGuid = {A07E369D-BE6F-4B6D-B1EB-BFC8B8BD50A6}
	EndGlobalSection
EndGlobal
